
Microsoft Visual Studio Solution File, Format Version 12.00
# Visual Studio 14
VisualStudioVersion = 14.0.25420.1
MinimumVisualStudioVersion = 10.0.40219.1
Project("{FAE04EC0-301F-11D3-BF4B-00C04F79EFBC}") = "ComicShop.Web", "ComicShop.Web\ComicShop.Web.csproj", "{B7BD5D0B-99BF-4496-A9E4-CE1A85E1B74F}"
EndProject
Project("{FAE04EC0-301F-11D3-BF4B-00C04F79EFBC}") = "ComicShop.Web.Tests", "ComicShop.Web.Tests\ComicShop.Web.Tests.csproj", "{125A6EBF-88ED-490F-88D1-9F9CBB6D88D6}"
EndProject
Project("{FAE04EC0-301F-11D3-BF4B-00C04F79EFBC}") = "ComicShop.Data", "ComicShop.Data\ComicShop.Data.csproj", "{55FC55B3-D62C-4E02-9BB7-16ED3007AFE9}"
EndProject
Project("{FAE04EC0-301F-11D3-BF4B-00C04F79EFBC}") = "ComicShop.Data.Models", "ComicShop.Data.Models\ComicShop.Data.Models.csproj", "{06F522A2-2EFC-4DC7-99AF-A6BF8FE97F82}"
EndProject
Project("{FAE04EC0-301F-11D3-BF4B-00C04F79EFBC}") = "ComicShop.Data.Services", "ComicShop.Data.Services\ComicShop.Data.Services.csproj", "{2661DF3D-FEBE-4B31-94B0-DB09C4F9CA82}"
EndProject
Global
	GlobalSection(SolutionConfigurationPlatforms) = preSolution
		Debug|Any CPU = Debug|Any CPU
		Release|Any CPU = Release|Any CPU
	EndGlobalSection
	GlobalSection(ProjectConfigurationPlatforms) = postSolution
		{B7BD5D0B-99BF-4496-A9E4-CE1A85E1B74F}.Debug|Any CPU.ActiveCfg = Debug|Any CPU
		{B7BD5D0B-99BF-4496-A9E4-CE1A85E1B74F}.Debug|Any CPU.Build.0 = Debug|Any CPU
		{B7BD5D0B-99BF-4496-A9E4-CE1A85E1B74F}.Release|Any CPU.ActiveCfg = Release|Any CPU
		{B7BD5D0B-99BF-4496-A9E4-CE1A85E1B74F}.Release|Any CPU.Build.0 = Release|Any CPU
		{125A6EBF-88ED-490F-88D1-9F9CBB6D88D6}.Debug|Any CPU.ActiveCfg = Debug|Any CPU
		{125A6EBF-88ED-490F-88D1-9F9CBB6D88D6}.Debug|Any CPU.Build.0 = Debug|Any CPU
		{125A6EBF-88ED-490F-88D1-9F9CBB6D88D6}.Release|Any CPU.ActiveCfg = Release|Any CPU
		{125A6EBF-88ED-490F-88D1-9F9CBB6D88D6}.Release|Any CPU.Build.0 = Release|Any CPU
		{55FC55B3-D62C-4E02-9BB7-16ED3007AFE9}.Debug|Any CPU.ActiveCfg = Debug|Any CPU
		{55FC55B3-D62C-4E02-9BB7-16ED3007AFE9}.Debug|Any CPU.Build.0 = Debug|Any CPU
		{55FC55B3-D62C-4E02-9BB7-16ED3007AFE9}.Release|Any CPU.ActiveCfg = Release|Any CPU
		{55FC55B3-D62C-4E02-9BB7-16ED3007AFE9}.Release|Any CPU.Build.0 = Release|Any CPU
		{06F522A2-2EFC-4DC7-99AF-A6BF8FE97F82}.Debug|Any CPU.ActiveCfg = Debug|Any CPU
		{06F522A2-2EFC-4DC7-99AF-A6BF8FE97F82}.Debug|Any CPU.Build.0 = Debug|Any CPU
		{06F522A2-2EFC-4DC7-99AF-A6BF8FE97F82}.Release|Any CPU.ActiveCfg = Release|Any CPU
		{06F522A2-2EFC-4DC7-99AF-A6BF8FE97F82}.Release|Any CPU.Build.0 = Release|Any CPU
		{2661DF3D-FEBE-4B31-94B0-DB09C4F9CA82}.Debug|Any CPU.ActiveCfg = Debug|Any CPU
		{2661DF3D-FEBE-4B31-94B0-DB09C4F9CA82}.Debug|Any CPU.Build.0 = Debug|Any CPU
		{2661DF3D-FEBE-4B31-94B0-DB09C4F9CA82}.Release|Any CPU.ActiveCfg = Release|Any CPU
		{2661DF3D-FEBE-4B31-94B0-DB09C4F9CA82}.Release|Any CPU.Build.0 = Release|Any CPU
	EndGlobalSection
	GlobalSection(SolutionProperties) = preSolution
		HideSolutionNode = FALSE
	EndGlobalSection
EndGlobal
